
Microsoft Visual Studio Solution File, Format Version 12.00
# Visual Studio Version 17
VisualStudioVersion = 17.6.33801.468
MinimumVisualStudioVersion = 10.0.40219.1
Project("{FAE04EC0-301F-11D3-BF4B-00C04F79EFBC}") = "MusicMin", "MusicMin\MusicMin.csproj", "{3ABBAAAE-B95F-4A03-BBE9-4CB12609ED93}"
EndProject
Global
	GlobalSection(SolutionConfigurationPlatforms) = preSolution
		Debug|Any CPU = Debug|Any CPU
		Release|Any CPU = Release|Any CPU
	EndGlobalSection
	GlobalSection(ProjectConfigurationPlatforms) = postSolution
		{3ABBAAAE-B95F-4A03-BBE9-4CB12609ED93}.Debug|Any CPU.ActiveCfg = Debug|Any CPU
		{3ABBAAAE-B95F-4A03-BBE9-4CB12609ED93}.Debug|Any CPU.Build.0 = Debug|Any CPU
		{3ABBAAAE-B95F-4A03-BBE9-4CB12609ED93}.Release|Any CPU.ActiveCfg = Release|Any CPU
		{3ABBAAAE-B95F-4A03-BBE9-4CB12609ED93}.Release|Any CPU.Build.0 = Release|Any CPU
	EndGlobalSection
	GlobalSection(SolutionProperties) = preSolution
		HideSolutionNode = FALSE
	EndGlobalSection
	GlobalSection(ExtensibilityGlobals) = postSolution
		SolutionGuid = {BA8AEAEF-E2F0-403A-AE1E-E9C9AA2BE933}
	EndGlobalSection
EndGlobal
